%{"decimal": {:hex, :decimal, "1.1.1"},
  "ecto": {:hex, :ecto, "0.15.0"},
  "esqlite": {:hex, :esqlite, "0.2.1"},
  "pipe": {:hex, :pipe, "0.0.2"},
  "poison": {:hex, :poison, "1.5.0"},
  "poolboy": {:hex, :poolboy, "1.5.1"},
  "sqlite_ecto": {:hex, :sqlite_ecto, "0.5.0"},
  "sqlitex": {:hex, :sqlitex, "0.8.2"}}
